
Microsoft Visual Studio Solution File, Format Version 12.00
# Visual Studio 2013
VisualStudioVersion = 12.0.30501.0
MinimumVisualStudioVersion = 10.0.40219.1
Project("{FAE04EC0-301F-11D3-BF4B-00C04F79EFBC}") = "AzureOfflineSyncXF", "AzureOfflineSyncXF\AzureOfflineSyncXF\AzureOfflineSyncXF.csproj", "{97A1671E-BE42-4070-B088-36F7E9D4C4BE}"
EndProject
Project("{FAE04EC0-301F-11D3-BF4B-00C04F79EFBC}") = "AzureOfflineSyncXF.iOS", "AzureOfflineSyncXF\AzureOfflineSyncXF.iOS\AzureOfflineSyncXF.iOS.csproj", "{BEE7934F-EC3C-4337-BE63-C56C45213E38}"
EndProject
Project("{FAE04EC0-301F-11D3-BF4B-00C04F79EFBC}") = "AzureOfflineSyncXF.Android", "AzureOfflineSyncXF\AzureOfflineSyncXF.Android\AzureOfflineSyncXF.Android.csproj", "{9B3973FE-3FE0-4724-8C81-5870BCDF83BE}"
EndProject
Project("{FAE04EC0-301F-11D3-BF4B-00C04F79EFBC}") = "AzureOfflineSyncXF.WinPhone", "AzureOfflineSyncXF\AzureOfflineSyncXF.WinPhone\AzureOfflineSyncXF.WinPhone.csproj", "{7B27B1A7-292E-4353-A7B4-402DB6ADDAEC}"
EndProject
Global
	GlobalSection(SolutionConfigurationPlatforms) = preSolution
		Ad-Hoc|Any CPU = Ad-Hoc|Any CPU
		Ad-Hoc|ARM = Ad-Hoc|ARM
		Ad-Hoc|iPhone = Ad-Hoc|iPhone
		Ad-Hoc|iPhoneSimulator = Ad-Hoc|iPhoneSimulator
		Ad-Hoc|Mixed Platforms = Ad-Hoc|Mixed Platforms
		Ad-Hoc|x86 = Ad-Hoc|x86
		AppStore|Any CPU = AppStore|Any CPU
		AppStore|ARM = AppStore|ARM
		AppStore|iPhone = AppStore|iPhone
		AppStore|iPhoneSimulator = AppStore|iPhoneSimulator
		AppStore|Mixed Platforms = AppStore|Mixed Platforms
		AppStore|x86 = AppStore|x86
		Debug|Any CPU = Debug|Any CPU
		Debug|ARM = Debug|ARM
		Debug|iPhone = Debug|iPhone
		Debug|iPhoneSimulator = Debug|iPhoneSimulator
		Debug|Mixed Platforms = Debug|Mixed Platforms
		Debug|x86 = Debug|x86
		Release|Any CPU = Release|Any CPU
		Release|ARM = Release|ARM
		Release|iPhone = Release|iPhone
		Release|iPhoneSimulator = Release|iPhoneSimulator
		Release|Mixed Platforms = Release|Mixed Platforms
		Release|x86 = Release|x86
	EndGlobalSection
	GlobalSection(ProjectConfigurationPlatforms) = postSolution
		{97A1671E-BE42-4070-B088-36F7E9D4C4BE}.Ad-Hoc|Any CPU.ActiveCfg = Release|Any CPU
		{97A1671E-BE42-4070-B088-36F7E9D4C4BE}.Ad-Hoc|Any CPU.Build.0 = Release|Any CPU
		{97A1671E-BE42-4070-B088-36F7E9D4C4BE}.Ad-Hoc|ARM.ActiveCfg = Release|Any CPU
		{97A1671E-BE42-4070-B088-36F7E9D4C4BE}.Ad-Hoc|iPhone.ActiveCfg = Release|Any CPU
		{97A1671E-BE42-4070-B088-36F7E9D4C4BE}.Ad-Hoc|iPhoneSimulator.ActiveCfg = Release|Any CPU
		{97A1671E-BE42-4070-B088-36F7E9D4C4BE}.Ad-Hoc|Mixed Platforms.ActiveCfg = Release|Any CPU
		{97A1671E-BE42-4070-B088-36F7E9D4C4BE}.Ad-Hoc|Mixed Platforms.Build.0 = Release|Any CPU
		{97A1671E-BE42-4070-B088-36F7E9D4C4BE}.Ad-Hoc|x86.ActiveCfg = Release|Any CPU
		{97A1671E-BE42-4070-B088-36F7E9D4C4BE}.AppStore|Any CPU.ActiveCfg = Release|Any CPU
		{97A1671E-BE42-4070-B088-36F7E9D4C4BE}.AppStore|Any CPU.Build.0 = Release|Any CPU
		{97A1671E-BE42-4070-B088-36F7E9D4C4BE}.AppStore|ARM.ActiveCfg = Release|Any CPU
		{97A1671E-BE42-4070-B088-36F7E9D4C4BE}.AppStore|iPhone.ActiveCfg = Release|Any CPU
		{97A1671E-BE42-4070-B088-36F7E9D4C4BE}.AppStore|iPhoneSimulator.ActiveCfg = Release|Any CPU
		{97A1671E-BE42-4070-B088-36F7E9D4C4BE}.AppStore|Mixed Platforms.ActiveCfg = Release|Any CPU
		{97A1671E-BE42-4070-B088-36F7E9D4C4BE}.AppStore|Mixed Platforms.Build.0 = Release|Any CPU
		{97A1671E-BE42-4070-B088-36F7E9D4C4BE}.AppStore|x86.ActiveCfg = Release|Any CPU
		{97A1671E-BE42-4070-B088-36F7E9D4C4BE}.Debug|Any CPU.ActiveCfg = Debug|Any CPU
		{97A1671E-BE42-4070-B088-36F7E9D4C4BE}.Debug|Any CPU.Build.0 = Debug|Any CPU
		{97A1671E-BE42-4070-B088-36F7E9D4C4BE}.Debug|ARM.ActiveCfg = Debug|Any CPU
		{97A1671E-BE42-4070-B088-36F7E9D4C4BE}.Debug|iPhone.ActiveCfg = Debug|Any CPU
		{97A1671E-BE42-4070-B088-36F7E9D4C4BE}.Debug|iPhoneSimulator.ActiveCfg = Debug|Any CPU
		{97A1671E-BE42-4070-B088-36F7E9D4C4BE}.Debug|Mixed Platforms.ActiveCfg = Debug|Any CPU
		{97A1671E-BE42-4070-B088-36F7E9D4C4BE}.Debug|Mixed Platforms.Build.0 = Debug|Any CPU
		{97A1671E-BE42-4070-B088-36F7E9D4C4BE}.Debug|x86.ActiveCfg = Debug|Any CPU
		{97A1671E-BE42-4070-B088-36F7E9D4C4BE}.Debug|x86.Build.0 = Debug|Any CPU
		{97A1671E-BE42-4070-B088-36F7E9D4C4BE}.Release|Any CPU.ActiveCfg = Release|Any CPU
		{97A1671E-BE42-4070-B088-36F7E9D4C4BE}.Release|Any CPU.Build.0 = Release|Any CPU
		{97A1671E-BE42-4070-B088-36F7E9D4C4BE}.Release|ARM.ActiveCfg = Release|Any CPU
		{97A1671E-BE42-4070-B088-36F7E9D4C4BE}.Release|iPhone.ActiveCfg = Release|Any CPU
		{97A1671E-BE42-4070-B088-36F7E9D4C4BE}.Release|iPhoneSimulator.ActiveCfg = Release|Any CPU
		{97A1671E-BE42-4070-B088-36F7E9D4C4BE}.Release|Mixed Platforms.ActiveCfg = Release|Any CPU
		{97A1671E-BE42-4070-B088-36F7E9D4C4BE}.Release|Mixed Platforms.Build.0 = Release|Any CPU
		{97A1671E-BE42-4070-B088-36F7E9D4C4BE}.Release|x86.ActiveCfg = Release|Any CPU
		{BEE7934F-EC3C-4337-BE63-C56C45213E38}.Ad-Hoc|Any CPU.ActiveCfg = Ad-Hoc|iPhone
		{BEE7934F-EC3C-4337-BE63-C56C45213E38}.Ad-Hoc|ARM.ActiveCfg = Ad-Hoc|iPhone
		{BEE7934F-EC3C-4337-BE63-C56C45213E38}.Ad-Hoc|iPhone.ActiveCfg = Ad-Hoc|iPhone
		{BEE7934F-EC3C-4337-BE63-C56C45213E38}.Ad-Hoc|iPhone.Build.0 = Ad-Hoc|iPhone
		{BEE7934F-EC3C-4337-BE63-C56C45213E38}.Ad-Hoc|iPhone.Deploy.0 = Ad-Hoc|iPhone
		{BEE7934F-EC3C-4337-BE63-C56C45213E38}.Ad-Hoc|iPhoneSimulator.ActiveCfg = Ad-Hoc|iPhoneSimulator
		{BEE7934F-EC3C-4337-BE63-C56C45213E38}.Ad-Hoc|iPhoneSimulator.Build.0 = Ad-Hoc|iPhoneSimulator
		{BEE7934F-EC3C-4337-BE63-C56C45213E38}.Ad-Hoc|iPhoneSimulator.Deploy.0 = Ad-Hoc|iPhoneSimulator
		{BEE7934F-EC3C-4337-BE63-C56C45213E38}.Ad-Hoc|Mixed Platforms.ActiveCfg = Ad-Hoc|iPhone
		{BEE7934F-EC3C-4337-BE63-C56C45213E38}.Ad-Hoc|Mixed Platforms.Build.0 = Ad-Hoc|iPhone
		{BEE7934F-EC3C-4337-BE63-C56C45213E38}.Ad-Hoc|Mixed Platforms.Deploy.0 = Ad-Hoc|iPhone
		{BEE7934F-EC3C-4337-BE63-C56C45213E38}.Ad-Hoc|x86.ActiveCfg = Ad-Hoc|iPhone
		{BEE7934F-EC3C-4337-BE63-C56C45213E38}.AppStore|Any CPU.ActiveCfg = AppStore|iPhone
		{BEE7934F-EC3C-4337-BE63-C56C45213E38}.AppStore|ARM.ActiveCfg = AppStore|iPhone
		{BEE7934F-EC3C-4337-BE63-C56C45213E38}.AppStore|iPhone.ActiveCfg = AppStore|iPhone
		{BEE7934F-EC3C-4337-BE63-C56C45213E38}.AppStore|iPhone.Build.0 = AppStore|iPhone
		{BEE7934F-EC3C-4337-BE63-C56C45213E38}.AppStore|iPhone.Deploy.0 = AppStore|iPhone
		{BEE7934F-EC3C-4337-BE63-C56C45213E38}.AppStore|iPhoneSimulator.ActiveCfg = AppStore|iPhoneSimulator
		{BEE7934F-EC3C-4337-BE63-C56C45213E38}.AppStore|iPhoneSimulator.Build.0 = AppStore|iPhoneSimulator
		{BEE7934F-EC3C-4337-BE63-C56C45213E38}.AppStore|iPhoneSimulator.Deploy.0 = AppStore|iPhoneSimulator
		{BEE7934F-EC3C-4337-BE63-C56C45213E38}.AppStore|Mixed Platforms.ActiveCfg = AppStore|iPhone
		{BEE7934F-EC3C-4337-BE63-C56C45213E38}.AppStore|Mixed Platforms.Build.0 = AppStore|iPhone
		{BEE7934F-EC3C-4337-BE63-C56C45213E38}.AppStore|Mixed Platforms.Deploy.0 = AppStore|iPhone
		{BEE7934F-EC3C-4337-BE63-C56C45213E38}.AppStore|x86.ActiveCfg = AppStore|iPhone
		{BEE7934F-EC3C-4337-BE63-C56C45213E38}.Debug|Any CPU.ActiveCfg = Debug|iPhone
		{BEE7934F-EC3C-4337-BE63-C56C45213E38}.Debug|ARM.ActiveCfg = Debug|iPhone
		{BEE7934F-EC3C-4337-BE63-C56C45213E38}.Debug|iPhone.ActiveCfg = Debug|iPhone
		{BEE7934F-EC3C-4337-BE63-C56C45213E38}.Debug|iPhone.Build.0 = Debug|iPhone
		{BEE7934F-EC3C-4337-BE63-C56C45213E38}.Debug|iPhone.Deploy.0 = Debug|iPhone
		{BEE7934F-EC3C-4337-BE63-C56C45213E38}.Debug|iPhoneSimulator.ActiveCfg = Debug|iPhoneSimulator
		{BEE7934F-EC3C-4337-BE63-C56C45213E38}.Debug|iPhoneSimulator.Build.0 = Debug|iPhoneSimulator
		{BEE7934F-EC3C-4337-BE63-C56C45213E38}.Debug|iPhoneSimulator.Deploy.0 = Debug|iPhoneSimulator
		{BEE7934F-EC3C-4337-BE63-C56C45213E38}.Debug|Mixed Platforms.ActiveCfg = Debug|iPhone
		{BEE7934F-EC3C-4337-BE63-C56C45213E38}.Debug|Mixed Platforms.Build.0 = Debug|iPhone
		{BEE7934F-EC3C-4337-BE63-C56C45213E38}.Debug|Mixed Platforms.Deploy.0 = Debug|iPhone
		{BEE7934F-EC3C-4337-BE63-C56C45213E38}.Debug|x86.ActiveCfg = Debug|iPhone
		{BEE7934F-EC3C-4337-BE63-C56C45213E38}.Release|Any CPU.ActiveCfg = Release|iPhone
		{BEE7934F-EC3C-4337-BE63-C56C45213E38}.Release|ARM.ActiveCfg = Release|iPhone
		{BEE7934F-EC3C-4337-BE63-C56C45213E38}.Release|iPhone.ActiveCfg = Release|iPhone
		{BEE7934F-EC3C-4337-BE63-C56C45213E38}.Release|iPhone.Build.0 = Release|iPhone
		{BEE7934F-EC3C-4337-BE63-C56C45213E38}.Release|iPhone.Deploy.0 = Release|iPhone
		{BEE7934F-EC3C-4337-BE63-C56C45213E38}.Release|iPhoneSimulator.ActiveCfg = Release|iPhoneSimulator
		{BEE7934F-EC3C-4337-BE63-C56C45213E38}.Release|iPhoneSimulator.Build.0 = Release|iPhoneSimulator
		{BEE7934F-EC3C-4337-BE63-C56C45213E38}.Release|iPhoneSimulator.Deploy.0 = Release|iPhoneSimulator
		{BEE7934F-EC3C-4337-BE63-C56C45213E38}.Release|Mixed Platforms.ActiveCfg = Release|iPhone
		{BEE7934F-EC3C-4337-BE63-C56C45213E38}.Release|Mixed Platforms.Build.0 = Release|iPhone
		{BEE7934F-EC3C-4337-BE63-C56C45213E38}.Release|Mixed Platforms.Deploy.0 = Release|iPhone
		{BEE7934F-EC3C-4337-BE63-C56C45213E38}.Release|x86.ActiveCfg = Release|iPhone
		{9B3973FE-3FE0-4724-8C81-5870BCDF83BE}.Ad-Hoc|Any CPU.ActiveCfg = Release|Any CPU
		{9B3973FE-3FE0-4724-8C81-5870BCDF83BE}.Ad-Hoc|Any CPU.Build.0 = Release|Any CPU
		{9B3973FE-3FE0-4724-8C81-5870BCDF83BE}.Ad-Hoc|Any CPU.Deploy.0 = Release|Any CPU
		{9B3973FE-3FE0-4724-8C81-5870BCDF83BE}.Ad-Hoc|ARM.ActiveCfg = Release|Any CPU
		{9B3973FE-3FE0-4724-8C81-5870BCDF83BE}.Ad-Hoc|iPhone.ActiveCfg = Release|Any CPU
		{9B3973FE-3FE0-4724-8C81-5870BCDF83BE}.Ad-Hoc|iPhoneSimulator.ActiveCfg = Release|Any CPU
		{9B3973FE-3FE0-4724-8C81-5870BCDF83BE}.Ad-Hoc|Mixed Platforms.ActiveCfg = Release|Any CPU
		{9B3973FE-3FE0-4724-8C81-5870BCDF83BE}.Ad-Hoc|Mixed Platforms.Build.0 = Release|Any CPU
		{9B3973FE-3FE0-4724-8C81-5870BCDF83BE}.Ad-Hoc|Mixed Platforms.Deploy.0 = Release|Any CPU
		{9B3973FE-3FE0-4724-8C81-5870BCDF83BE}.Ad-Hoc|x86.ActiveCfg = Release|Any CPU
		{9B3973FE-3FE0-4724-8C81-5870BCDF83BE}.AppStore|Any CPU.ActiveCfg = Release|Any CPU
		{9B3973FE-3FE0-4724-8C81-5870BCDF83BE}.AppStore|Any CPU.Build.0 = Release|Any CPU
		{9B3973FE-3FE0-4724-8C81-5870BCDF83BE}.AppStore|Any CPU.Deploy.0 = Release|Any CPU
		{9B3973FE-3FE0-4724-8C81-5870BCDF83BE}.AppStore|ARM.ActiveCfg = Release|Any CPU
		{9B3973FE-3FE0-4724-8C81-5870BCDF83BE}.AppStore|iPhone.ActiveCfg = Release|Any CPU
		{9B3973FE-3FE0-4724-8C81-5870BCDF83BE}.AppStore|iPhoneSimulator.ActiveCfg = Release|Any CPU
		{9B3973FE-3FE0-4724-8C81-5870BCDF83BE}.AppStore|Mixed Platforms.ActiveCfg = Release|Any CPU
		{9B3973FE-3FE0-4724-8C81-5870BCDF83BE}.AppStore|Mixed Platforms.Build.0 = Release|Any CPU
		{9B3973FE-3FE0-4724-8C81-5870BCDF83BE}.AppStore|Mixed Platforms.Deploy.0 = Release|Any CPU
		{9B3973FE-3FE0-4724-8C81-5870BCDF83BE}.AppStore|x86.ActiveCfg = Release|Any CPU
		{9B3973FE-3FE0-4724-8C81-5870BCDF83BE}.Debug|Any CPU.ActiveCfg = Debug|Any CPU
		{9B3973FE-3FE0-4724-8C81-5870BCDF83BE}.Debug|Any CPU.Build.0 = Debug|Any CPU
		{9B3973FE-3FE0-4724-8C81-5870BCDF83BE}.Debug|Any CPU.Deploy.0 = Debug|Any CPU
		{9B3973FE-3FE0-4724-8C81-5870BCDF83BE}.Debug|ARM.ActiveCfg = Debug|Any CPU
		{9B3973FE-3FE0-4724-8C81-5870BCDF83BE}.Debug|iPhone.ActiveCfg = Debug|Any CPU
		{9B3973FE-3FE0-4724-8C81-5870BCDF83BE}.Debug|iPhoneSimulator.ActiveCfg = Debug|Any CPU
		{9B3973FE-3FE0-4724-8C81-5870BCDF83BE}.Debug|Mixed Platforms.ActiveCfg = Debug|Any CPU
		{9B3973FE-3FE0-4724-8C81-5870BCDF83BE}.Debug|Mixed Platforms.Build.0 = Debug|Any CPU
		{9B3973FE-3FE0-4724-8C81-5870BCDF83BE}.Debug|Mixed Platforms.Deploy.0 = Debug|Any CPU
		{9B3973FE-3FE0-4724-8C81-5870BCDF83BE}.Debug|x86.ActiveCfg = Debug|Any CPU
		{9B3973FE-3FE0-4724-8C81-5870BCDF83BE}.Release|Any CPU.ActiveCfg = Release|Any CPU
		{9B3973FE-3FE0-4724-8C81-5870BCDF83BE}.Release|Any CPU.Build.0 = Release|Any CPU
		{9B3973FE-3FE0-4724-8C81-5870BCDF83BE}.Release|Any CPU.Deploy.0 = Release|Any CPU
		{9B3973FE-3FE0-4724-8C81-5870BCDF83BE}.Release|ARM.ActiveCfg = Release|Any CPU
		{9B3973FE-3FE0-4724-8C81-5870BCDF83BE}.Release|iPhone.ActiveCfg = Release|Any CPU
		{9B3973FE-3FE0-4724-8C81-5870BCDF83BE}.Release|iPhoneSimulator.ActiveCfg = Release|Any CPU
		{9B3973FE-3FE0-4724-8C81-5870BCDF83BE}.Release|Mixed Platforms.ActiveCfg = Release|Any CPU
		{9B3973FE-3FE0-4724-8C81-5870BCDF83BE}.Release|Mixed Platforms.Build.0 = Release|Any CPU
		{9B3973FE-3FE0-4724-8C81-5870BCDF83BE}.Release|Mixed Platforms.Deploy.0 = Release|Any CPU
		{9B3973FE-3FE0-4724-8C81-5870BCDF83BE}.Release|x86.ActiveCfg = Release|Any CPU
		{7B27B1A7-292E-4353-A7B4-402DB6ADDAEC}.Ad-Hoc|Any CPU.ActiveCfg = Release|Any CPU
		{7B27B1A7-292E-4353-A7B4-402DB6ADDAEC}.Ad-Hoc|Any CPU.Build.0 = Release|Any CPU
		{7B27B1A7-292E-4353-A7B4-402DB6ADDAEC}.Ad-Hoc|Any CPU.Deploy.0 = Release|Any CPU
		{7B27B1A7-292E-4353-A7B4-402DB6ADDAEC}.Ad-Hoc|ARM.ActiveCfg = Release|ARM
		{7B27B1A7-292E-4353-A7B4-402DB6ADDAEC}.Ad-Hoc|ARM.Build.0 = Release|ARM
		{7B27B1A7-292E-4353-A7B4-402DB6ADDAEC}.Ad-Hoc|ARM.Deploy.0 = Release|ARM
		{7B27B1A7-292E-4353-A7B4-402DB6ADDAEC}.Ad-Hoc|iPhone.ActiveCfg = Release|Any CPU
		{7B27B1A7-292E-4353-A7B4-402DB6ADDAEC}.Ad-Hoc|iPhoneSimulator.ActiveCfg = Release|Any CPU
		{7B27B1A7-292E-4353-A7B4-402DB6ADDAEC}.Ad-Hoc|Mixed Platforms.ActiveCfg = Release|x86
		{7B27B1A7-292E-4353-A7B4-402DB6ADDAEC}.Ad-Hoc|Mixed Platforms.Build.0 = Release|x86
		{7B27B1A7-292E-4353-A7B4-402DB6ADDAEC}.Ad-Hoc|Mixed Platforms.Deploy.0 = Release|x86
		{7B27B1A7-292E-4353-A7B4-402DB6ADDAEC}.Ad-Hoc|x86.ActiveCfg = Release|x86
		{7B27B1A7-292E-4353-A7B4-402DB6ADDAEC}.Ad-Hoc|x86.Build.0 = Release|x86
		{7B27B1A7-292E-4353-A7B4-402DB6ADDAEC}.Ad-Hoc|x86.Deploy.0 = Release|x86
		{7B27B1A7-292E-4353-A7B4-402DB6ADDAEC}.AppStore|Any CPU.ActiveCfg = Release|Any CPU
		{7B27B1A7-292E-4353-A7B4-402DB6ADDAEC}.AppStore|Any CPU.Build.0 = Release|Any CPU
		{7B27B1A7-292E-4353-A7B4-402DB6ADDAEC}.AppStore|Any CPU.Deploy.0 = Release|Any CPU
		{7B27B1A7-292E-4353-A7B4-402DB6ADDAEC}.AppStore|ARM.ActiveCfg = Release|ARM
		{7B27B1A7-292E-4353-A7B4-402DB6ADDAEC}.AppStore|ARM.Build.0 = Release|ARM
		{7B27B1A7-292E-4353-A7B4-402DB6ADDAEC}.AppStore|ARM.Deploy.0 = Release|ARM
		{7B27B1A7-292E-4353-A7B4-402DB6ADDAEC}.AppStore|iPhone.ActiveCfg = Release|Any CPU
		{7B27B1A7-292E-4353-A7B4-402DB6ADDAEC}.AppStore|iPhoneSimulator.ActiveCfg = Release|Any CPU
		{7B27B1A7-292E-4353-A7B4-402DB6ADDAEC}.AppStore|Mixed Platforms.ActiveCfg = Release|x86
		{7B27B1A7-292E-4353-A7B4-402DB6ADDAEC}.AppStore|Mixed Platforms.Build.0 = Release|x86
		{7B27B1A7-292E-4353-A7B4-402DB6ADDAEC}.AppStore|Mixed Platforms.Deploy.0 = Release|x86
		{7B27B1A7-292E-4353-A7B4-402DB6ADDAEC}.AppStore|x86.ActiveCfg = Release|x86
		{7B27B1A7-292E-4353-A7B4-402DB6ADDAEC}.AppStore|x86.Build.0 = Release|x86
		{7B27B1A7-292E-4353-A7B4-402DB6ADDAEC}.AppStore|x86.Deploy.0 = Release|x86
		{7B27B1A7-292E-4353-A7B4-402DB6ADDAEC}.Debug|Any CPU.ActiveCfg = Debug|Any CPU
		{7B27B1A7-292E-4353-A7B4-402DB6ADDAEC}.Debug|Any CPU.Build.0 = Debug|Any CPU
		{7B27B1A7-292E-4353-A7B4-402DB6ADDAEC}.Debug|Any CPU.Deploy.0 = Debug|Any CPU
		{7B27B1A7-292E-4353-A7B4-402DB6ADDAEC}.Debug|ARM.ActiveCfg = Debug|ARM
		{7B27B1A7-292E-4353-A7B4-402DB6ADDAEC}.Debug|ARM.Build.0 = Debug|ARM
		{7B27B1A7-292E-4353-A7B4-402DB6ADDAEC}.Debug|ARM.Deploy.0 = Debug|ARM
		{7B27B1A7-292E-4353-A7B4-402DB6ADDAEC}.Debug|iPhone.ActiveCfg = Debug|Any CPU
		{7B27B1A7-292E-4353-A7B4-402DB6ADDAEC}.Debug|iPhoneSimulator.ActiveCfg = Debug|Any CPU
		{7B27B1A7-292E-4353-A7B4-402DB6ADDAEC}.Debug|Mixed Platforms.ActiveCfg = Debug|x86
		{7B27B1A7-292E-4353-A7B4-402DB6ADDAEC}.Debug|Mixed Platforms.Build.0 = Debug|x86
		{7B27B1A7-292E-4353-A7B4-402DB6ADDAEC}.Debug|Mixed Platforms.Deploy.0 = Debug|x86
		{7B27B1A7-292E-4353-A7B4-402DB6ADDAEC}.Debug|x86.ActiveCfg = Debug|x86
		{7B27B1A7-292E-4353-A7B4-402DB6ADDAEC}.Debug|x86.Build.0 = Debug|x86
		{7B27B1A7-292E-4353-A7B4-402DB6ADDAEC}.Debug|x86.Deploy.0 = Debug|x86
		{7B27B1A7-292E-4353-A7B4-402DB6ADDAEC}.Release|Any CPU.ActiveCfg = Release|Any CPU
		{7B27B1A7-292E-4353-A7B4-402DB6ADDAEC}.Release|Any CPU.Build.0 = Release|Any CPU
		{7B27B1A7-292E-4353-A7B4-402DB6ADDAEC}.Release|Any CPU.Deploy.0 = Release|Any CPU
		{7B27B1A7-292E-4353-A7B4-402DB6ADDAEC}.Release|ARM.ActiveCfg = Release|ARM
		{7B27B1A7-292E-4353-A7B4-402DB6ADDAEC}.Release|ARM.Build.0 = Release|ARM
		{7B27B1A7-292E-4353-A7B4-402DB6ADDAEC}.Release|ARM.Deploy.0 = Release|ARM
		{7B27B1A7-292E-4353-A7B4-402DB6ADDAEC}.Release|iPhone.ActiveCfg = Release|Any CPU
		{7B27B1A7-292E-4353-A7B4-402DB6ADDAEC}.Release|iPhoneSimulator.ActiveCfg = Release|Any CPU
		{7B27B1A7-292E-4353-A7B4-402DB6ADDAEC}.Release|Mixed Platforms.ActiveCfg = Release|x86
		{7B27B1A7-292E-4353-A7B4-402DB6ADDAEC}.Release|Mixed Platforms.Build.0 = Release|x86
		{7B27B1A7-292E-4353-A7B4-402DB6ADDAEC}.Release|Mixed Platforms.Deploy.0 = Release|x86
		{7B27B1A7-292E-4353-A7B4-402DB6ADDAEC}.Release|x86.ActiveCfg = Release|x86
		{7B27B1A7-292E-4353-A7B4-402DB6ADDAEC}.Release|x86.Build.0 = Release|x86
		{7B27B1A7-292E-4353-A7B4-402DB6ADDAEC}.Release|x86.Deploy.0 = Release|x86
	EndGlobalSection
	GlobalSection(SolutionProperties) = preSolution
		HideSolutionNode = FALSE
	EndGlobalSection
EndGlobal
