
Microsoft Visual Studio Solution File, Format Version 12.00
# Visual Studio 2013
VisualStudioVersion = 12.0.30110.0
MinimumVisualStudioVersion = 10.0.40219.1
Project("{FAE04EC0-301F-11D3-BF4B-00C04F79EFBC}") = "SydMobNet2.AMS.Core", "SydMobNet2.AMS.Core\SydMobNet2.AMS.Core.csproj", "{BCCF4019-FA40-40D5-B9A8-3DD70A4B6AD7}"
EndProject
Project("{FAE04EC0-301F-11D3-BF4B-00C04F79EFBC}") = "SydMobNet2.AMS.WP", "SydMobNet2.AMS.WP\SydMobNet2.AMS.WP.csproj", "{C7D195DE-D1E4-464F-888F-9E77AE152455}"
EndProject
Project("{FAE04EC0-301F-11D3-BF4B-00C04F79EFBC}") = "SydMobNet2.AMS.iOS", "SydMobNet2.AMS.iOS\SydMobNet2.AMS.iOS.csproj", "{20E296B1-ED2A-4FC8-82BB-2A9D46A7E334}"
EndProject
Project("{FAE04EC0-301F-11D3-BF4B-00C04F79EFBC}") = "SydMobNet2.AMS.Droid", "SydMobNet2.AMS.Droid\SydMobNet2.AMS.Droid.csproj", "{2677B838-29DB-4721-8DF5-B8FA1BB673EA}"
EndProject
Global
	GlobalSection(SolutionConfigurationPlatforms) = preSolution
		Ad-Hoc|Any CPU = Ad-Hoc|Any CPU
		Ad-Hoc|ARM = Ad-Hoc|ARM
		Ad-Hoc|iPhone = Ad-Hoc|iPhone
		Ad-Hoc|iPhoneSimulator = Ad-Hoc|iPhoneSimulator
		Ad-Hoc|Mixed Platforms = Ad-Hoc|Mixed Platforms
		Ad-Hoc|x86 = Ad-Hoc|x86
		AppStore|Any CPU = AppStore|Any CPU
		AppStore|ARM = AppStore|ARM
		AppStore|iPhone = AppStore|iPhone
		AppStore|iPhoneSimulator = AppStore|iPhoneSimulator
		AppStore|Mixed Platforms = AppStore|Mixed Platforms
		AppStore|x86 = AppStore|x86
		Debug|Any CPU = Debug|Any CPU
		Debug|ARM = Debug|ARM
		Debug|iPhone = Debug|iPhone
		Debug|iPhoneSimulator = Debug|iPhoneSimulator
		Debug|Mixed Platforms = Debug|Mixed Platforms
		Debug|x86 = Debug|x86
		Release|Any CPU = Release|Any CPU
		Release|ARM = Release|ARM
		Release|iPhone = Release|iPhone
		Release|iPhoneSimulator = Release|iPhoneSimulator
		Release|Mixed Platforms = Release|Mixed Platforms
		Release|x86 = Release|x86
	EndGlobalSection
	GlobalSection(ProjectConfigurationPlatforms) = postSolution
		{BCCF4019-FA40-40D5-B9A8-3DD70A4B6AD7}.Ad-Hoc|Any CPU.ActiveCfg = Release|Any CPU
		{BCCF4019-FA40-40D5-B9A8-3DD70A4B6AD7}.Ad-Hoc|Any CPU.Build.0 = Release|Any CPU
		{BCCF4019-FA40-40D5-B9A8-3DD70A4B6AD7}.Ad-Hoc|ARM.ActiveCfg = Release|Any CPU
		{BCCF4019-FA40-40D5-B9A8-3DD70A4B6AD7}.Ad-Hoc|iPhone.ActiveCfg = Release|Any CPU
		{BCCF4019-FA40-40D5-B9A8-3DD70A4B6AD7}.Ad-Hoc|iPhoneSimulator.ActiveCfg = Release|Any CPU
		{BCCF4019-FA40-40D5-B9A8-3DD70A4B6AD7}.Ad-Hoc|Mixed Platforms.ActiveCfg = Release|Any CPU
		{BCCF4019-FA40-40D5-B9A8-3DD70A4B6AD7}.Ad-Hoc|Mixed Platforms.Build.0 = Release|Any CPU
		{BCCF4019-FA40-40D5-B9A8-3DD70A4B6AD7}.Ad-Hoc|x86.ActiveCfg = Release|Any CPU
		{BCCF4019-FA40-40D5-B9A8-3DD70A4B6AD7}.AppStore|Any CPU.ActiveCfg = Release|Any CPU
		{BCCF4019-FA40-40D5-B9A8-3DD70A4B6AD7}.AppStore|Any CPU.Build.0 = Release|Any CPU
		{BCCF4019-FA40-40D5-B9A8-3DD70A4B6AD7}.AppStore|ARM.ActiveCfg = Release|Any CPU
		{BCCF4019-FA40-40D5-B9A8-3DD70A4B6AD7}.AppStore|iPhone.ActiveCfg = Release|Any CPU
		{BCCF4019-FA40-40D5-B9A8-3DD70A4B6AD7}.AppStore|iPhoneSimulator.ActiveCfg = Release|Any CPU
		{BCCF4019-FA40-40D5-B9A8-3DD70A4B6AD7}.AppStore|Mixed Platforms.ActiveCfg = Release|Any CPU
		{BCCF4019-FA40-40D5-B9A8-3DD70A4B6AD7}.AppStore|Mixed Platforms.Build.0 = Release|Any CPU
		{BCCF4019-FA40-40D5-B9A8-3DD70A4B6AD7}.AppStore|x86.ActiveCfg = Release|Any CPU
		{BCCF4019-FA40-40D5-B9A8-3DD70A4B6AD7}.Debug|Any CPU.ActiveCfg = Debug|Any CPU
		{BCCF4019-FA40-40D5-B9A8-3DD70A4B6AD7}.Debug|Any CPU.Build.0 = Debug|Any CPU
		{BCCF4019-FA40-40D5-B9A8-3DD70A4B6AD7}.Debug|ARM.ActiveCfg = Debug|Any CPU
		{BCCF4019-FA40-40D5-B9A8-3DD70A4B6AD7}.Debug|iPhone.ActiveCfg = Debug|Any CPU
		{BCCF4019-FA40-40D5-B9A8-3DD70A4B6AD7}.Debug|iPhoneSimulator.ActiveCfg = Debug|Any CPU
		{BCCF4019-FA40-40D5-B9A8-3DD70A4B6AD7}.Debug|Mixed Platforms.ActiveCfg = Debug|Any CPU
		{BCCF4019-FA40-40D5-B9A8-3DD70A4B6AD7}.Debug|Mixed Platforms.Build.0 = Debug|Any CPU
		{BCCF4019-FA40-40D5-B9A8-3DD70A4B6AD7}.Debug|x86.ActiveCfg = Debug|Any CPU
		{BCCF4019-FA40-40D5-B9A8-3DD70A4B6AD7}.Debug|x86.Build.0 = Debug|Any CPU
		{BCCF4019-FA40-40D5-B9A8-3DD70A4B6AD7}.Release|Any CPU.ActiveCfg = Release|Any CPU
		{BCCF4019-FA40-40D5-B9A8-3DD70A4B6AD7}.Release|Any CPU.Build.0 = Release|Any CPU
		{BCCF4019-FA40-40D5-B9A8-3DD70A4B6AD7}.Release|ARM.ActiveCfg = Release|Any CPU
		{BCCF4019-FA40-40D5-B9A8-3DD70A4B6AD7}.Release|iPhone.ActiveCfg = Release|Any CPU
		{BCCF4019-FA40-40D5-B9A8-3DD70A4B6AD7}.Release|iPhoneSimulator.ActiveCfg = Release|Any CPU
		{BCCF4019-FA40-40D5-B9A8-3DD70A4B6AD7}.Release|Mixed Platforms.ActiveCfg = Release|Any CPU
		{BCCF4019-FA40-40D5-B9A8-3DD70A4B6AD7}.Release|Mixed Platforms.Build.0 = Release|Any CPU
		{BCCF4019-FA40-40D5-B9A8-3DD70A4B6AD7}.Release|x86.ActiveCfg = Release|Any CPU
		{C7D195DE-D1E4-464F-888F-9E77AE152455}.Ad-Hoc|Any CPU.ActiveCfg = Release|Any CPU
		{C7D195DE-D1E4-464F-888F-9E77AE152455}.Ad-Hoc|Any CPU.Build.0 = Release|Any CPU
		{C7D195DE-D1E4-464F-888F-9E77AE152455}.Ad-Hoc|Any CPU.Deploy.0 = Release|Any CPU
		{C7D195DE-D1E4-464F-888F-9E77AE152455}.Ad-Hoc|ARM.ActiveCfg = Release|ARM
		{C7D195DE-D1E4-464F-888F-9E77AE152455}.Ad-Hoc|ARM.Build.0 = Release|ARM
		{C7D195DE-D1E4-464F-888F-9E77AE152455}.Ad-Hoc|ARM.Deploy.0 = Release|ARM
		{C7D195DE-D1E4-464F-888F-9E77AE152455}.Ad-Hoc|iPhone.ActiveCfg = Release|Any CPU
		{C7D195DE-D1E4-464F-888F-9E77AE152455}.Ad-Hoc|iPhoneSimulator.ActiveCfg = Release|Any CPU
		{C7D195DE-D1E4-464F-888F-9E77AE152455}.Ad-Hoc|Mixed Platforms.ActiveCfg = Release|x86
		{C7D195DE-D1E4-464F-888F-9E77AE152455}.Ad-Hoc|Mixed Platforms.Build.0 = Release|x86
		{C7D195DE-D1E4-464F-888F-9E77AE152455}.Ad-Hoc|Mixed Platforms.Deploy.0 = Release|x86
		{C7D195DE-D1E4-464F-888F-9E77AE152455}.Ad-Hoc|x86.ActiveCfg = Release|x86
		{C7D195DE-D1E4-464F-888F-9E77AE152455}.Ad-Hoc|x86.Build.0 = Release|x86
		{C7D195DE-D1E4-464F-888F-9E77AE152455}.Ad-Hoc|x86.Deploy.0 = Release|x86
		{C7D195DE-D1E4-464F-888F-9E77AE152455}.AppStore|Any CPU.ActiveCfg = Release|Any CPU
		{C7D195DE-D1E4-464F-888F-9E77AE152455}.AppStore|Any CPU.Build.0 = Release|Any CPU
		{C7D195DE-D1E4-464F-888F-9E77AE152455}.AppStore|Any CPU.Deploy.0 = Release|Any CPU
		{C7D195DE-D1E4-464F-888F-9E77AE152455}.AppStore|ARM.ActiveCfg = Release|ARM
		{C7D195DE-D1E4-464F-888F-9E77AE152455}.AppStore|ARM.Build.0 = Release|ARM
		{C7D195DE-D1E4-464F-888F-9E77AE152455}.AppStore|ARM.Deploy.0 = Release|ARM
		{C7D195DE-D1E4-464F-888F-9E77AE152455}.AppStore|iPhone.ActiveCfg = Release|Any CPU
		{C7D195DE-D1E4-464F-888F-9E77AE152455}.AppStore|iPhoneSimulator.ActiveCfg = Release|Any CPU
		{C7D195DE-D1E4-464F-888F-9E77AE152455}.AppStore|Mixed Platforms.ActiveCfg = Release|x86
		{C7D195DE-D1E4-464F-888F-9E77AE152455}.AppStore|Mixed Platforms.Build.0 = Release|x86
		{C7D195DE-D1E4-464F-888F-9E77AE152455}.AppStore|Mixed Platforms.Deploy.0 = Release|x86
		{C7D195DE-D1E4-464F-888F-9E77AE152455}.AppStore|x86.ActiveCfg = Release|x86
		{C7D195DE-D1E4-464F-888F-9E77AE152455}.AppStore|x86.Build.0 = Release|x86
		{C7D195DE-D1E4-464F-888F-9E77AE152455}.AppStore|x86.Deploy.0 = Release|x86
		{C7D195DE-D1E4-464F-888F-9E77AE152455}.Debug|Any CPU.ActiveCfg = Debug|Any CPU
		{C7D195DE-D1E4-464F-888F-9E77AE152455}.Debug|Any CPU.Build.0 = Debug|Any CPU
		{C7D195DE-D1E4-464F-888F-9E77AE152455}.Debug|Any CPU.Deploy.0 = Debug|Any CPU
		{C7D195DE-D1E4-464F-888F-9E77AE152455}.Debug|ARM.ActiveCfg = Debug|ARM
		{C7D195DE-D1E4-464F-888F-9E77AE152455}.Debug|ARM.Build.0 = Debug|ARM
		{C7D195DE-D1E4-464F-888F-9E77AE152455}.Debug|ARM.Deploy.0 = Debug|ARM
		{C7D195DE-D1E4-464F-888F-9E77AE152455}.Debug|iPhone.ActiveCfg = Debug|Any CPU
		{C7D195DE-D1E4-464F-888F-9E77AE152455}.Debug|iPhoneSimulator.ActiveCfg = Debug|Any CPU
		{C7D195DE-D1E4-464F-888F-9E77AE152455}.Debug|Mixed Platforms.ActiveCfg = Debug|x86
		{C7D195DE-D1E4-464F-888F-9E77AE152455}.Debug|Mixed Platforms.Build.0 = Debug|x86
		{C7D195DE-D1E4-464F-888F-9E77AE152455}.Debug|Mixed Platforms.Deploy.0 = Debug|x86
		{C7D195DE-D1E4-464F-888F-9E77AE152455}.Debug|x86.ActiveCfg = Debug|x86
		{C7D195DE-D1E4-464F-888F-9E77AE152455}.Release|Any CPU.ActiveCfg = Release|Any CPU
		{C7D195DE-D1E4-464F-888F-9E77AE152455}.Release|Any CPU.Build.0 = Release|Any CPU
		{C7D195DE-D1E4-464F-888F-9E77AE152455}.Release|Any CPU.Deploy.0 = Release|Any CPU
		{C7D195DE-D1E4-464F-888F-9E77AE152455}.Release|ARM.ActiveCfg = Release|ARM
		{C7D195DE-D1E4-464F-888F-9E77AE152455}.Release|ARM.Build.0 = Release|ARM
		{C7D195DE-D1E4-464F-888F-9E77AE152455}.Release|ARM.Deploy.0 = Release|ARM
		{C7D195DE-D1E4-464F-888F-9E77AE152455}.Release|iPhone.ActiveCfg = Release|Any CPU
		{C7D195DE-D1E4-464F-888F-9E77AE152455}.Release|iPhoneSimulator.ActiveCfg = Release|Any CPU
		{C7D195DE-D1E4-464F-888F-9E77AE152455}.Release|Mixed Platforms.ActiveCfg = Release|x86
		{C7D195DE-D1E4-464F-888F-9E77AE152455}.Release|Mixed Platforms.Build.0 = Release|x86
		{C7D195DE-D1E4-464F-888F-9E77AE152455}.Release|Mixed Platforms.Deploy.0 = Release|x86
		{C7D195DE-D1E4-464F-888F-9E77AE152455}.Release|x86.ActiveCfg = Release|x86
		{C7D195DE-D1E4-464F-888F-9E77AE152455}.Release|x86.Build.0 = Release|x86
		{C7D195DE-D1E4-464F-888F-9E77AE152455}.Release|x86.Deploy.0 = Release|x86
		{20E296B1-ED2A-4FC8-82BB-2A9D46A7E334}.Ad-Hoc|Any CPU.ActiveCfg = Ad-Hoc|iPhone
		{20E296B1-ED2A-4FC8-82BB-2A9D46A7E334}.Ad-Hoc|ARM.ActiveCfg = Ad-Hoc|iPhone
		{20E296B1-ED2A-4FC8-82BB-2A9D46A7E334}.Ad-Hoc|iPhone.ActiveCfg = Ad-Hoc|iPhone
		{20E296B1-ED2A-4FC8-82BB-2A9D46A7E334}.Ad-Hoc|iPhone.Build.0 = Ad-Hoc|iPhone
		{20E296B1-ED2A-4FC8-82BB-2A9D46A7E334}.Ad-Hoc|iPhone.Deploy.0 = Ad-Hoc|iPhone
		{20E296B1-ED2A-4FC8-82BB-2A9D46A7E334}.Ad-Hoc|iPhoneSimulator.ActiveCfg = Ad-Hoc|iPhoneSimulator
		{20E296B1-ED2A-4FC8-82BB-2A9D46A7E334}.Ad-Hoc|iPhoneSimulator.Build.0 = Ad-Hoc|iPhoneSimulator
		{20E296B1-ED2A-4FC8-82BB-2A9D46A7E334}.Ad-Hoc|iPhoneSimulator.Deploy.0 = Ad-Hoc|iPhoneSimulator
		{20E296B1-ED2A-4FC8-82BB-2A9D46A7E334}.Ad-Hoc|Mixed Platforms.ActiveCfg = Ad-Hoc|iPhone
		{20E296B1-ED2A-4FC8-82BB-2A9D46A7E334}.Ad-Hoc|Mixed Platforms.Build.0 = Ad-Hoc|iPhone
		{20E296B1-ED2A-4FC8-82BB-2A9D46A7E334}.Ad-Hoc|Mixed Platforms.Deploy.0 = Ad-Hoc|iPhone
		{20E296B1-ED2A-4FC8-82BB-2A9D46A7E334}.Ad-Hoc|x86.ActiveCfg = Ad-Hoc|iPhone
		{20E296B1-ED2A-4FC8-82BB-2A9D46A7E334}.AppStore|Any CPU.ActiveCfg = AppStore|iPhone
		{20E296B1-ED2A-4FC8-82BB-2A9D46A7E334}.AppStore|ARM.ActiveCfg = AppStore|iPhone
		{20E296B1-ED2A-4FC8-82BB-2A9D46A7E334}.AppStore|iPhone.ActiveCfg = AppStore|iPhone
		{20E296B1-ED2A-4FC8-82BB-2A9D46A7E334}.AppStore|iPhone.Build.0 = AppStore|iPhone
		{20E296B1-ED2A-4FC8-82BB-2A9D46A7E334}.AppStore|iPhone.Deploy.0 = AppStore|iPhone
		{20E296B1-ED2A-4FC8-82BB-2A9D46A7E334}.AppStore|iPhoneSimulator.ActiveCfg = AppStore|iPhoneSimulator
		{20E296B1-ED2A-4FC8-82BB-2A9D46A7E334}.AppStore|iPhoneSimulator.Build.0 = AppStore|iPhoneSimulator
		{20E296B1-ED2A-4FC8-82BB-2A9D46A7E334}.AppStore|iPhoneSimulator.Deploy.0 = AppStore|iPhoneSimulator
		{20E296B1-ED2A-4FC8-82BB-2A9D46A7E334}.AppStore|Mixed Platforms.ActiveCfg = AppStore|iPhone
		{20E296B1-ED2A-4FC8-82BB-2A9D46A7E334}.AppStore|Mixed Platforms.Build.0 = AppStore|iPhone
		{20E296B1-ED2A-4FC8-82BB-2A9D46A7E334}.AppStore|Mixed Platforms.Deploy.0 = AppStore|iPhone
		{20E296B1-ED2A-4FC8-82BB-2A9D46A7E334}.AppStore|x86.ActiveCfg = AppStore|iPhone
		{20E296B1-ED2A-4FC8-82BB-2A9D46A7E334}.Debug|Any CPU.ActiveCfg = Debug|iPhone
		{20E296B1-ED2A-4FC8-82BB-2A9D46A7E334}.Debug|ARM.ActiveCfg = Debug|iPhone
		{20E296B1-ED2A-4FC8-82BB-2A9D46A7E334}.Debug|iPhone.ActiveCfg = Debug|iPhone
		{20E296B1-ED2A-4FC8-82BB-2A9D46A7E334}.Debug|iPhone.Build.0 = Debug|iPhone
		{20E296B1-ED2A-4FC8-82BB-2A9D46A7E334}.Debug|iPhone.Deploy.0 = Debug|iPhone
		{20E296B1-ED2A-4FC8-82BB-2A9D46A7E334}.Debug|iPhoneSimulator.ActiveCfg = Debug|iPhoneSimulator
		{20E296B1-ED2A-4FC8-82BB-2A9D46A7E334}.Debug|iPhoneSimulator.Build.0 = Debug|iPhoneSimulator
		{20E296B1-ED2A-4FC8-82BB-2A9D46A7E334}.Debug|iPhoneSimulator.Deploy.0 = Debug|iPhoneSimulator
		{20E296B1-ED2A-4FC8-82BB-2A9D46A7E334}.Debug|Mixed Platforms.ActiveCfg = Debug|iPhone
		{20E296B1-ED2A-4FC8-82BB-2A9D46A7E334}.Debug|Mixed Platforms.Build.0 = Debug|iPhone
		{20E296B1-ED2A-4FC8-82BB-2A9D46A7E334}.Debug|Mixed Platforms.Deploy.0 = Debug|iPhone
		{20E296B1-ED2A-4FC8-82BB-2A9D46A7E334}.Debug|x86.ActiveCfg = Debug|iPhone
		{20E296B1-ED2A-4FC8-82BB-2A9D46A7E334}.Release|Any CPU.ActiveCfg = Release|iPhone
		{20E296B1-ED2A-4FC8-82BB-2A9D46A7E334}.Release|ARM.ActiveCfg = Release|iPhone
		{20E296B1-ED2A-4FC8-82BB-2A9D46A7E334}.Release|iPhone.ActiveCfg = Release|iPhone
		{20E296B1-ED2A-4FC8-82BB-2A9D46A7E334}.Release|iPhone.Build.0 = Release|iPhone
		{20E296B1-ED2A-4FC8-82BB-2A9D46A7E334}.Release|iPhone.Deploy.0 = Release|iPhone
		{20E296B1-ED2A-4FC8-82BB-2A9D46A7E334}.Release|iPhoneSimulator.ActiveCfg = Release|iPhoneSimulator
		{20E296B1-ED2A-4FC8-82BB-2A9D46A7E334}.Release|iPhoneSimulator.Build.0 = Release|iPhoneSimulator
		{20E296B1-ED2A-4FC8-82BB-2A9D46A7E334}.Release|iPhoneSimulator.Deploy.0 = Release|iPhoneSimulator
		{20E296B1-ED2A-4FC8-82BB-2A9D46A7E334}.Release|Mixed Platforms.ActiveCfg = Release|iPhone
		{20E296B1-ED2A-4FC8-82BB-2A9D46A7E334}.Release|Mixed Platforms.Build.0 = Release|iPhone
		{20E296B1-ED2A-4FC8-82BB-2A9D46A7E334}.Release|Mixed Platforms.Deploy.0 = Release|iPhone
		{20E296B1-ED2A-4FC8-82BB-2A9D46A7E334}.Release|x86.ActiveCfg = Release|iPhone
		{2677B838-29DB-4721-8DF5-B8FA1BB673EA}.Ad-Hoc|Any CPU.ActiveCfg = Release|Any CPU
		{2677B838-29DB-4721-8DF5-B8FA1BB673EA}.Ad-Hoc|Any CPU.Build.0 = Release|Any CPU
		{2677B838-29DB-4721-8DF5-B8FA1BB673EA}.Ad-Hoc|Any CPU.Deploy.0 = Release|Any CPU
		{2677B838-29DB-4721-8DF5-B8FA1BB673EA}.Ad-Hoc|ARM.ActiveCfg = Release|Any CPU
		{2677B838-29DB-4721-8DF5-B8FA1BB673EA}.Ad-Hoc|iPhone.ActiveCfg = Release|Any CPU
		{2677B838-29DB-4721-8DF5-B8FA1BB673EA}.Ad-Hoc|iPhoneSimulator.ActiveCfg = Release|Any CPU
		{2677B838-29DB-4721-8DF5-B8FA1BB673EA}.Ad-Hoc|Mixed Platforms.ActiveCfg = Release|Any CPU
		{2677B838-29DB-4721-8DF5-B8FA1BB673EA}.Ad-Hoc|Mixed Platforms.Build.0 = Release|Any CPU
		{2677B838-29DB-4721-8DF5-B8FA1BB673EA}.Ad-Hoc|Mixed Platforms.Deploy.0 = Release|Any CPU
		{2677B838-29DB-4721-8DF5-B8FA1BB673EA}.Ad-Hoc|x86.ActiveCfg = Release|Any CPU
		{2677B838-29DB-4721-8DF5-B8FA1BB673EA}.AppStore|Any CPU.ActiveCfg = Release|Any CPU
		{2677B838-29DB-4721-8DF5-B8FA1BB673EA}.AppStore|Any CPU.Build.0 = Release|Any CPU
		{2677B838-29DB-4721-8DF5-B8FA1BB673EA}.AppStore|Any CPU.Deploy.0 = Release|Any CPU
		{2677B838-29DB-4721-8DF5-B8FA1BB673EA}.AppStore|ARM.ActiveCfg = Release|Any CPU
		{2677B838-29DB-4721-8DF5-B8FA1BB673EA}.AppStore|iPhone.ActiveCfg = Release|Any CPU
		{2677B838-29DB-4721-8DF5-B8FA1BB673EA}.AppStore|iPhoneSimulator.ActiveCfg = Release|Any CPU
		{2677B838-29DB-4721-8DF5-B8FA1BB673EA}.AppStore|Mixed Platforms.ActiveCfg = Release|Any CPU
		{2677B838-29DB-4721-8DF5-B8FA1BB673EA}.AppStore|Mixed Platforms.Build.0 = Release|Any CPU
		{2677B838-29DB-4721-8DF5-B8FA1BB673EA}.AppStore|Mixed Platforms.Deploy.0 = Release|Any CPU
		{2677B838-29DB-4721-8DF5-B8FA1BB673EA}.AppStore|x86.ActiveCfg = Release|Any CPU
		{2677B838-29DB-4721-8DF5-B8FA1BB673EA}.Debug|Any CPU.ActiveCfg = Debug|Any CPU
		{2677B838-29DB-4721-8DF5-B8FA1BB673EA}.Debug|Any CPU.Build.0 = Debug|Any CPU
		{2677B838-29DB-4721-8DF5-B8FA1BB673EA}.Debug|Any CPU.Deploy.0 = Debug|Any CPU
		{2677B838-29DB-4721-8DF5-B8FA1BB673EA}.Debug|ARM.ActiveCfg = Debug|Any CPU
		{2677B838-29DB-4721-8DF5-B8FA1BB673EA}.Debug|iPhone.ActiveCfg = Debug|Any CPU
		{2677B838-29DB-4721-8DF5-B8FA1BB673EA}.Debug|iPhoneSimulator.ActiveCfg = Debug|Any CPU
		{2677B838-29DB-4721-8DF5-B8FA1BB673EA}.Debug|Mixed Platforms.ActiveCfg = Debug|Any CPU
		{2677B838-29DB-4721-8DF5-B8FA1BB673EA}.Debug|Mixed Platforms.Build.0 = Debug|Any CPU
		{2677B838-29DB-4721-8DF5-B8FA1BB673EA}.Debug|Mixed Platforms.Deploy.0 = Debug|Any CPU
		{2677B838-29DB-4721-8DF5-B8FA1BB673EA}.Debug|x86.ActiveCfg = Debug|Any CPU
		{2677B838-29DB-4721-8DF5-B8FA1BB673EA}.Debug|x86.Build.0 = Debug|Any CPU
		{2677B838-29DB-4721-8DF5-B8FA1BB673EA}.Debug|x86.Deploy.0 = Debug|Any CPU
		{2677B838-29DB-4721-8DF5-B8FA1BB673EA}.Release|Any CPU.ActiveCfg = Release|Any CPU
		{2677B838-29DB-4721-8DF5-B8FA1BB673EA}.Release|Any CPU.Build.0 = Release|Any CPU
		{2677B838-29DB-4721-8DF5-B8FA1BB673EA}.Release|Any CPU.Deploy.0 = Release|Any CPU
		{2677B838-29DB-4721-8DF5-B8FA1BB673EA}.Release|ARM.ActiveCfg = Release|Any CPU
		{2677B838-29DB-4721-8DF5-B8FA1BB673EA}.Release|iPhone.ActiveCfg = Release|Any CPU
		{2677B838-29DB-4721-8DF5-B8FA1BB673EA}.Release|iPhoneSimulator.ActiveCfg = Release|Any CPU
		{2677B838-29DB-4721-8DF5-B8FA1BB673EA}.Release|Mixed Platforms.ActiveCfg = Release|Any CPU
		{2677B838-29DB-4721-8DF5-B8FA1BB673EA}.Release|Mixed Platforms.Build.0 = Release|Any CPU
		{2677B838-29DB-4721-8DF5-B8FA1BB673EA}.Release|Mixed Platforms.Deploy.0 = Release|Any CPU
		{2677B838-29DB-4721-8DF5-B8FA1BB673EA}.Release|x86.ActiveCfg = Release|Any CPU
	EndGlobalSection
	GlobalSection(SolutionProperties) = preSolution
		HideSolutionNode = FALSE
	EndGlobalSection
	GlobalSection(MonoDevelopProperties) = preSolution
		StartupItem = SydMobNet2.AMS.Droid\SydMobNet2.AMS.Droid.csproj
	EndGlobalSection
EndGlobal
